// !$*UTF8*$!
{
	archiveVersion = 1;
	classes = {
	};
	objectVersion = 56;
	objects = {

/* Begin PBXBuildFile section */
		E16E3BE1289E138F00919D14 /* AppDelegate.swift in Sources */ = {isa = PBXBuildFile; fileRef = E16E3BE0289E138F00919D14 /* AppDelegate.swift */; };
		E16E3BE3289E138F00919D14 /* SceneDelegate.swift in Sources */ = {isa = PBXBuildFile; fileRef = E16E3BE2289E138F00919D14 /* SceneDelegate.swift */; };
		E16E3BE5289E138F00919D14 /* ViewController.swift in Sources */ = {isa = PBXBuildFile; fileRef = E16E3BE4289E138F00919D14 /* ViewController.swift */; };
		E16E3BE8289E138F00919D14 /* Main.storyboard in Resources */ = {isa = PBXBuildFile; fileRef = E16E3BE6289E138F00919D14 /* Main.storyboard */; };
		E16E3BEB289E138F00919D14 /* __static_cells______iOS_App_____.xcdatamodeld in Sources */ = {isa = PBXBuildFile; fileRef = E16E3BE9289E138F00919D14 /* __static_cells______iOS_App_____.xcdatamodeld */; };
		E16E3BED289E139300919D14 /* Assets.xcassets in Resources */ = {isa = PBXBuildFile; fileRef = E16E3BEC289E139300919D14 /* Assets.xcassets */; };
		E16E3BF0289E139300919D14 /* LaunchScreen.storyboard in Resources */ = {isa = PBXBuildFile; fileRef = E16E3BEE289E139300919D14 /* LaunchScreen.storyboard */; };
		E16E3BFB289E139400919D14 /* __static_cells______iOS_App_____Tests.swift in Sources */ = {isa = PBXBuildFile; fileRef = E16E3BFA289E139400919D14 /* __static_cells______iOS_App_____Tests.swift */; };
		E16E3C05289E139400919D14 /* __static_cells______iOS_App_____UITests.swift in Sources */ = {isa = PBXBuildFile; fileRef = E16E3C04289E139400919D14 /* __static_cells______iOS_App_____UITests.swift */; };
		E16E3C07289E139400919D14 /* __static_cells______iOS_App_____UITestsLaunchTests.swift in Sources */ = {isa = PBXBuildFile; fileRef = E16E3C06289E139400919D14 /* __static_cells______iOS_App_____UITestsLaunchTests.swift */; };
/* End PBXBuildFile section */

/* Begin PBXContainerItemProxy section */
		E16E3BF7289E139400919D14 /* PBXContainerItemProxy */ = {
			isa = PBXContainerItemProxy;
			containerPortal = E16E3BD5289E138F00919D14 /* Project object */;
			proxyType = 1;
			remoteGlobalIDString = E16E3BDC289E138F00919D14;
			remoteInfo = "以 static cells 模仿製作 iOS App 表格頁面";
		};
		E16E3C01289E139400919D14 /* PBXContainerItemProxy */ = {
			isa = PBXContainerItemProxy;
			containerPortal = E16E3BD5289E138F00919D14 /* Project object */;
			proxyType = 1;
			remoteGlobalIDString = E16E3BDC289E138F00919D14;
			remoteInfo = "以 static cells 模仿製作 iOS App 表格頁面";
		};
/* End PBXContainerItemProxy section */

/* Begin PBXFileReference section */
		E16E3BDD289E138F00919D14 /* 以 static cells 模仿製作 iOS App 表格頁面.app */ = {isa = PBXFileReference; explicitFileType = wrapper.application; includeInIndex = 0; path = "以 static cells 模仿製作 iOS App 表格頁面.app"; sourceTree = BUILT_PRODUCTS_DIR; };
		E16E3BE0289E138F00919D14 /* AppDelegate.swift */ = {isa = PBXFileReference; lastKnownFileType = sourcecode.swift; path = AppDelegate.swift; sourceTree = "<group>"; };
		E16E3BE2289E138F00919D14 /* SceneDelegate.swift */ = {isa = PBXFileReference; lastKnownFileType = sourcecode.swift; path = SceneDelegate.swift; sourceTree = "<group>"; };
		E16E3BE4289E138F00919D14 /* ViewController.swift */ = {isa = PBXFileReference; lastKnownFileType = sourcecode.swift; path = ViewController.swift; sourceTree = "<group>"; };
		E16E3BE7289E138F00919D14 /* Base */ = {isa = PBXFileReference; lastKnownFileType = file.storyboard; name = Base; path = Base.lproj/Main.storyboard; sourceTree = "<group>"; };
		E16E3BEA289E138F00919D14 /* __static_cells______iOS_App_____.xcdatamodel */ = {isa = PBXFileReference; lastKnownFileType = wrapper.xcdatamodel; path = "__static_cells______iOS_App_____.xcdatamodel"; sourceTree = "<group>"; };
		E16E3BEC289E139300919D14 /* Assets.xcassets */ = {isa = PBXFileReference; lastKnownFileType = folder.assetcatalog; path = Assets.xcassets; sourceTree = "<group>"; };
		E16E3BEF289E139300919D14 /* Base */ = {isa = PBXFileReference; lastKnownFileType = file.storyboard; name = Base; path = Base.lproj/LaunchScreen.storyboard; sourceTree = "<group>"; };
		E16E3BF1289E139300919D14 /* Info.plist */ = {isa = PBXFileReference; lastKnownFileType = text.plist.xml; path = Info.plist; sourceTree = "<group>"; };
		E16E3BF6289E139400919D14 /* 以 static cells 模仿製作 iOS App 表格頁面Tests.xctest */ = {isa = PBXFileReference; explicitFileType = wrapper.cfbundle; includeInIndex = 0; path = "以 static cells 模仿製作 iOS App 表格頁面Tests.xctest"; sourceTree = BUILT_PRODUCTS_DIR; };
		E16E3BFA289E139400919D14 /* __static_cells______iOS_App_____Tests.swift */ = {isa = PBXFileReference; lastKnownFileType = sourcecode.swift; path = "__static_cells______iOS_App_____Tests.swift"; sourceTree = "<group>"; };
		E16E3C00289E139400919D14 /* 以 static cells 模仿製作 iOS App 表格頁面UITests.xctest */ = {isa = PBXFileReference; explicitFileType = wrapper.cfbundle; includeInIndex = 0; path = "以 static cells 模仿製作 iOS App 表格頁面UITests.xctest"; sourceTree = BUILT_PRODUCTS_DIR; };
		E16E3C04289E139400919D14 /* __static_cells______iOS_App_____UITests.swift */ = {isa = PBXFileReference; lastKnownFileType = sourcecode.swift; path = "__static_cells______iOS_App_____UITests.swift"; sourceTree = "<group>"; };
		E16E3C06289E139400919D14 /* __static_cells______iOS_App_____UITestsLaunchTests.swift */ = {isa = PBXFileReference; lastKnownFileType = sourcecode.swift; path = "__static_cells______iOS_App_____UITestsLaunchTests.swift"; sourceTree = "<group>"; };
/* End PBXFileReference section */

/* Begin PBXFrameworksBuildPhase section */
		E16E3BDA289E138F00919D14 /* Frameworks */ = {
			isa = PBXFrameworksBuildPhase;
			buildActionMask = 2147483647;
			files = (
			);
			runOnlyForDeploymentPostprocessing = 0;
		};
		E16E3BF3289E139400919D14 /* Frameworks */ = {
			isa = PBXFrameworksBuildPhase;
			buildActionMask = 2147483647;
			files = (
			);
			runOnlyForDeploymentPostprocessing = 0;
		};
		E16E3BFD289E139400919D14 /* Frameworks */ = {
			isa = PBXFrameworksBuildPhase;
			buildActionMask = 2147483647;
			files = (
			);
			runOnlyForDeploymentPostprocessing = 0;
		};
/* End PBXFrameworksBuildPhase section */

/* Begin PBXGroup section */
		E16E3BD4289E138F00919D14 = {
			isa = PBXGroup;
			children = (
				E16E3BDF289E138F00919D14 /* 以 static cells 模仿製作 iOS App 表格頁面 */,
				E16E3BF9289E139400919D14 /* 以 static cells 模仿製作 iOS App 表格頁面Tests */,
				E16E3C03289E139400919D14 /* 以 static cells 模仿製作 iOS App 表格頁面UITests */,
				E16E3BDE289E138F00919D14 /* Products */,
			);
			sourceTree = "<group>";
		};
		E16E3BDE289E138F00919D14 /* Products */ = {
			isa = PBXGroup;
			children = (
				E16E3BDD289E138F00919D14 /* 以 static cells 模仿製作 iOS App 表格頁面.app */,
				E16E3BF6289E139400919D14 /* 以 static cells 模仿製作 iOS App 表格頁面Tests.xctest */,
				E16E3C00289E139400919D14 /* 以 static cells 模仿製作 iOS App 表格頁面UITests.xctest */,
			);
			name = Products;
			sourceTree = "<group>";
		};
		E16E3BDF289E138F00919D14 /* 以 static cells 模仿製作 iOS App 表格頁面 */ = {
			isa = PBXGroup;
			children = (
				E16E3BE0289E138F00919D14 /* AppDelegate.swift */,
				E16E3BE2289E138F00919D14 /* SceneDelegate.swift */,
				E16E3BE4289E138F00919D14 /* ViewController.swift */,
				E16E3BE6289E138F00919D14 /* Main.storyboard */,
				E16E3BEC289E139300919D14 /* Assets.xcassets */,
				E16E3BEE289E139300919D14 /* LaunchScreen.storyboard */,
				E16E3BF1289E139300919D14 /* Info.plist */,
				E16E3BE9289E138F00919D14 /* __static_cells______iOS_App_____.xcdatamodeld */,
			);
			path = "以 static cells 模仿製作 iOS App 表格頁面";
			sourceTree = "<group>";
		};
		E16E3BF9289E139400919D14 /* 以 static cells 模仿製作 iOS App 表格頁面Tests */ = {
			isa = PBXGroup;
			children = (
				E16E3BFA289E139400919D14 /* __static_cells______iOS_App_____Tests.swift */,
			);
			path = "以 static cells 模仿製作 iOS App 表格頁面Tests";
			sourceTree = "<group>";
		};
		E16E3C03289E139400919D14 /* 以 static cells 模仿製作 iOS App 表格頁面UITests */ = {
			isa = PBXGroup;
			children = (
				E16E3C04289E139400919D14 /* __static_cells______iOS_App_____UITests.swift */,
				E16E3C06289E139400919D14 /* __static_cells______iOS_App_____UITestsLaunchTests.swift */,
			);
			path = "以 static cells 模仿製作 iOS App 表格頁面UITests";
			sourceTree = "<group>";
		};
/* End PBXGroup section */

/* Begin PBXNativeTarget section */
		E16E3BDC289E138F00919D14 /* 以 static cells 模仿製作 iOS App 表格頁面 */ = {
			isa = PBXNativeTarget;
			buildConfigurationList = E16E3C0A289E139400919D14 /* Build configuration list for PBXNativeTarget "以 static cells 模仿製作 iOS App 表格頁面" */;
			buildPhases = (
				E16E3BD9289E138F00919D14 /* Sources */,
				E16E3BDA289E138F00919D14 /* Frameworks */,
				E16E3BDB289E138F00919D14 /* Resources */,
			);
			buildRules = (
			);
			dependencies = (
			);
			name = "以 static cells 模仿製作 iOS App 表格頁面";
			productName = "以 static cells 模仿製作 iOS App 表格頁面";
			productReference = E16E3BDD289E138F00919D14 /* 以 static cells 模仿製作 iOS App 表格頁面.app */;
			productType = "com.apple.product-type.application";
		};
		E16E3BF5289E139400919D14 /* 以 static cells 模仿製作 iOS App 表格頁面Tests */ = {
			isa = PBXNativeTarget;
			buildConfigurationList = E16E3C0D289E139400919D14 /* Build configuration list for PBXNativeTarget "以 static cells 模仿製作 iOS App 表格頁面Tests" */;
			buildPhases = (
				E16E3BF2289E139400919D14 /* Sources */,
				E16E3BF3289E139400919D14 /* Frameworks */,
				E16E3BF4289E139400919D14 /* Resources */,
			);
			buildRules = (
			);
			dependencies = (
				E16E3BF8289E139400919D14 /* PBXTargetDependency */,
			);
			name = "以 static cells 模仿製作 iOS App 表格頁面Tests";
			productName = "以 static cells 模仿製作 iOS App 表格頁面Tests";
			productReference = E16E3BF6289E139400919D14 /* 以 static cells 模仿製作 iOS App 表格頁面Tests.xctest */;
			productType = "com.apple.product-type.bundle.unit-test";
		};
		E16E3BFF289E139400919D14 /* 以 static cells 模仿製作 iOS App 表格頁面UITests */ = {
			isa = PBXNativeTarget;
			buildConfigurationList = E16E3C10289E139400919D14 /* Build configuration list for PBXNativeTarget "以 static cells 模仿製作 iOS App 表格頁面UITests" */;
			buildPhases = (
				E16E3BFC289E139400919D14 /* Sources */,
				E16E3BFD289E139400919D14 /* Frameworks */,
				E16E3BFE289E139400919D14 /* Resources */,
			);
			buildRules = (
			);
			dependencies = (
				E16E3C02289E139400919D14 /* PBXTargetDependency */,
			);
			name = "以 static cells 模仿製作 iOS App 表格頁面UITests";
			productName = "以 static cells 模仿製作 iOS App 表格頁面UITests";
			productReference = E16E3C00289E139400919D14 /* 以 static cells 模仿製作 iOS App 表格頁面UITests.xctest */;
			productType = "com.apple.product-type.bundle.ui-testing";
		};
/* End PBXNativeTarget section */

/* Begin PBXProject section */
		E16E3BD5289E138F00919D14 /* Project object */ = {
			isa = PBXProject;
			attributes = {
				BuildIndependentTargetsInParallel = 1;
				LastSwiftUpdateCheck = 1400;
				LastUpgradeCheck = 1400;
				TargetAttributes = {
					E16E3BDC289E138F00919D14 = {
						CreatedOnToolsVersion = 14.0;
					};
					E16E3BF5289E139400919D14 = {
						CreatedOnToolsVersion = 14.0;
						TestTargetID = E16E3BDC289E138F00919D14;
					};
					E16E3BFF289E139400919D14 = {
						CreatedOnToolsVersion = 14.0;
						TestTargetID = E16E3BDC289E138F00919D14;
					};
				};
			};
			buildConfigurationList = E16E3BD8289E138F00919D14 /* Build configuration list for PBXProject "以 static cells 模仿製作 iOS App 表格頁面" */;
			compatibilityVersion = "Xcode 14.0";
			developmentRegion = en;
			hasScannedForEncodings = 0;
			knownRegions = (
				en,
				Base,
			);
			mainGroup = E16E3BD4289E138F00919D14;
			productRefGroup = E16E3BDE289E138F00919D14 /* Products */;
			projectDirPath = "";
			projectRoot = "";
			targets = (
				E16E3BDC289E138F00919D14 /* 以 static cells 模仿製作 iOS App 表格頁面 */,
				E16E3BF5289E139400919D14 /* 以 static cells 模仿製作 iOS App 表格頁面Tests */,
				E16E3BFF289E139400919D14 /* 以 static cells 模仿製作 iOS App 表格頁面UITests */,
			);
		};
/* End PBXProject section */

/* Begin PBXResourcesBuildPhase section */
		E16E3BDB289E138F00919D14 /* Resources */ = {
			isa = PBXResourcesBuildPhase;
			buildActionMask = 2147483647;
			files = (
				E16E3BF0289E139300919D14 /* LaunchScreen.storyboard in Resources */,
				E16E3BED289E139300919D14 /* Assets.xcassets in Resources */,
				E16E3BE8289E138F00919D14 /* Main.storyboard in Resources */,
			);
			runOnlyForDeploymentPostprocessing = 0;
		};
		E16E3BF4289E139400919D14 /* Resources */ = {
			isa = PBXResourcesBuildPhase;
			buildActionMask = 2147483647;
			files = (
			);
			runOnlyForDeploymentPostprocessing = 0;
		};
		E16E3BFE289E139400919D14 /* Resources */ = {
			isa = PBXResourcesBuildPhase;
			buildActionMask = 2147483647;
			files = (
			);
			runOnlyForDeploymentPostprocessing = 0;
		};
/* End PBXResourcesBuildPhase section */

/* Begin PBXSourcesBuildPhase section */
		E16E3BD9289E138F00919D14 /* Sources */ = {
			isa = PBXSourcesBuildPhase;
			buildActionMask = 2147483647;
			files = (
				E16E3BE5289E138F00919D14 /* ViewController.swift in Sources */,
				E16E3BEB289E138F00919D14 /* __static_cells______iOS_App_____.xcdatamodeld in Sources */,
				E16E3BE1289E138F00919D14 /* AppDelegate.swift in Sources */,
				E16E3BE3289E138F00919D14 /* SceneDelegate.swift in Sources */,
			);
			runOnlyForDeploymentPostprocessing = 0;
		};
		E16E3BF2289E139400919D14 /* Sources */ = {
			isa = PBXSourcesBuildPhase;
			buildActionMask = 2147483647;
			files = (
				E16E3BFB289E139400919D14 /* __static_cells______iOS_App_____Tests.swift in Sources */,
			);
			runOnlyForDeploymentPostprocessing = 0;
		};
		E16E3BFC289E139400919D14 /* Sources */ = {
			isa = PBXSourcesBuildPhase;
			buildActionMask = 2147483647;
			files = (
				E16E3C07289E139400919D14 /* __static_cells______iOS_App_____UITestsLaunchTests.swift in Sources */,
				E16E3C05289E139400919D14 /* __static_cells______iOS_App_____UITests.swift in Sources */,
			);
			runOnlyForDeploymentPostprocessing = 0;
		};
/* End PBXSourcesBuildPhase section */

/* Begin PBXTargetDependency section */
		E16E3BF8289E139400919D14 /* PBXTargetDependency */ = {
			isa = PBXTargetDependency;
			target = E16E3BDC289E138F00919D14 /* 以 static cells 模仿製作 iOS App 表格頁面 */;
			targetProxy = E16E3BF7289E139400919D14 /* PBXContainerItemProxy */;
		};
		E16E3C02289E139400919D14 /* PBXTargetDependency */ = {
			isa = PBXTargetDependency;
			target = E16E3BDC289E138F00919D14 /* 以 static cells 模仿製作 iOS App 表格頁面 */;
			targetProxy = E16E3C01289E139400919D14 /* PBXContainerItemProxy */;
		};
/* End PBXTargetDependency section */

/* Begin PBXVariantGroup section */
		E16E3BE6289E138F00919D14 /* Main.storyboard */ = {
			isa = PBXVariantGroup;
			children = (
				E16E3BE7289E138F00919D14 /* Base */,
			);
			name = Main.storyboard;
			sourceTree = "<group>";
		};
		E16E3BEE289E139300919D14 /* LaunchScreen.storyboard */ = {
			isa = PBXVariantGroup;
			children = (
				E16E3BEF289E139300919D14 /* Base */,
			);
			name = LaunchScreen.storyboard;
			sourceTree = "<group>";
		};
/* End PBXVariantGroup section */

/* Begin XCBuildConfiguration section */
		E16E3C08289E139400919D14 /* Debug */ = {
			isa = XCBuildConfiguration;
			buildSettings = {
				ALWAYS_SEARCH_USER_PATHS = NO;
				CLANG_ANALYZER_NONNULL = YES;
				CLANG_ANALYZER_NUMBER_OBJECT_CONVERSION = YES_AGGRESSIVE;
				CLANG_CXX_LANGUAGE_STANDARD = "gnu++20";
				CLANG_ENABLE_MODULES = YES;
				CLANG_ENABLE_OBJC_ARC = YES;
				CLANG_ENABLE_OBJC_WEAK = YES;
				CLANG_WARN_BLOCK_CAPTURE_AUTORELEASING = YES;
				CLANG_WARN_BOOL_CONVERSION = YES;
				CLANG_WARN_COMMA = YES;
				CLANG_WARN_CONSTANT_CONVERSION = YES;
				CLANG_WARN_DEPRECATED_OBJC_IMPLEMENTATIONS = YES;
				CLANG_WARN_DIRECT_OBJC_ISA_USAGE = YES_ERROR;
				CLANG_WARN_DOCUMENTATION_COMMENTS = YES;
				CLANG_WARN_EMPTY_BODY = YES;
				CLANG_WARN_ENUM_CONVERSION = YES;
				CLANG_WARN_INFINITE_RECURSION = YES;
				CLANG_WARN_INT_CONVERSION = YES;
				CLANG_WARN_NON_LITERAL_NULL_CONVERSION = YES;
				CLANG_WARN_OBJC_IMPLICIT_RETAIN_SELF = YES;
				CLANG_WARN_OBJC_LITERAL_CONVERSION = YES;
				CLANG_WARN_OBJC_ROOT_CLASS = YES_ERROR;
				CLANG_WARN_QUOTED_INCLUDE_IN_FRAMEWORK_HEADER = YES;
				CLANG_WARN_RANGE_LOOP_ANALYSIS = YES;
				CLANG_WARN_STRICT_PROTOTYPES = YES;
				CLANG_WARN_SUSPICIOUS_MOVE = YES;
				CLANG_WARN_UNGUARDED_AVAILABILITY = YES_AGGRESSIVE;
				CLANG_WARN_UNREACHABLE_CODE = YES;
				CLANG_WARN__DUPLICATE_METHOD_MATCH = YES;
				COPY_PHASE_STRIP = NO;
				DEBUG_INFORMATION_FORMAT = dwarf;
				ENABLE_STRICT_OBJC_MSGSEND = YES;
				ENABLE_TESTABILITY = YES;
				GCC_C_LANGUAGE_STANDARD = gnu11;
				GCC_DYNAMIC_NO_PIC = NO;
				GCC_NO_COMMON_BLOCKS = YES;
				GCC_OPTIMIZATION_LEVEL = 0;
				GCC_PREPROCESSOR_DEFINITIONS = (
					"DEBUG=1",
					"$(inherited)",
				);
				GCC_WARN_64_TO_32_BIT_CONVERSION = YES;
				GCC_WARN_ABOUT_RETURN_TYPE = YES_ERROR;
				GCC_WARN_UNDECLARED_SELECTOR = YES;
				GCC_WARN_UNINITIALIZED_AUTOS = YES_AGGRESSIVE;
				GCC_WARN_UNUSED_FUNCTION = YES;
				GCC_WARN_UNUSED_VARIABLE = YES;
				IPHONEOS_DEPLOYMENT_TARGET = 16.0;
				MTL_ENABLE_DEBUG_INFO = INCLUDE_SOURCE;
				MTL_FAST_MATH = YES;
				ONLY_ACTIVE_ARCH = YES;
				SDKROOT = iphoneos;
				SWIFT_ACTIVE_COMPILATION_CONDITIONS = DEBUG;
				SWIFT_OPTIMIZATION_LEVEL = "-Onone";
			};
			name = Debug;
		};
		E16E3C09289E139400919D14 /* Release */ = {
			isa = XCBuildConfiguration;
			buildSettings = {
				ALWAYS_SEARCH_USER_PATHS = NO;
				CLANG_ANALYZER_NONNULL = YES;
				CLANG_ANALYZER_NUMBER_OBJECT_CONVERSION = YES_AGGRESSIVE;
				CLANG_CXX_LANGUAGE_STANDARD = "gnu++20";
				CLANG_ENABLE_MODULES = YES;
				CLANG_ENABLE_OBJC_ARC = YES;
				CLANG_ENABLE_OBJC_WEAK = YES;
				CLANG_WARN_BLOCK_CAPTURE_AUTORELEASING = YES;
				CLANG_WARN_BOOL_CONVERSION = YES;
				CLANG_WARN_COMMA = YES;
				CLANG_WARN_CONSTANT_CONVERSION = YES;
				CLANG_WARN_DEPRECATED_OBJC_IMPLEMENTATIONS = YES;
				CLANG_WARN_DIRECT_OBJC_ISA_USAGE = YES_ERROR;
				CLANG_WARN_DOCUMENTATION_COMMENTS = YES;
				CLANG_WARN_EMPTY_BODY = YES;
				CLANG_WARN_ENUM_CONVERSION = YES;
				CLANG_WARN_INFINITE_RECURSION = YES;
				CLANG_WARN_INT_CONVERSION = YES;
				CLANG_WARN_NON_LITERAL_NULL_CONVERSION = YES;
				CLANG_WARN_OBJC_IMPLICIT_RETAIN_SELF = YES;
				CLANG_WARN_OBJC_LITERAL_CONVERSION = YES;
				CLANG_WARN_OBJC_ROOT_CLASS = YES_ERROR;
				CLANG_WARN_QUOTED_INCLUDE_IN_FRAMEWORK_HEADER = YES;
				CLANG_WARN_RANGE_LOOP_ANALYSIS = YES;
				CLANG_WARN_STRICT_PROTOTYPES = YES;
				CLANG_WARN_SUSPICIOUS_MOVE = YES;
				CLANG_WARN_UNGUARDED_AVAILABILITY = YES_AGGRESSIVE;
				CLANG_WARN_UNREACHABLE_CODE = YES;
				CLANG_WARN__DUPLICATE_METHOD_MATCH = YES;
				COPY_PHASE_STRIP = NO;
				DEBUG_INFORMATION_FORMAT = "dwarf-with-dsym";
				ENABLE_NS_ASSERTIONS = NO;
				ENABLE_STRICT_OBJC_MSGSEND = YES;
				GCC_C_LANGUAGE_STANDARD = gnu11;
				GCC_NO_COMMON_BLOCKS = YES;
				GCC_WARN_64_TO_32_BIT_CONVERSION = YES;
				GCC_WARN_ABOUT_RETURN_TYPE = YES_ERROR;
				GCC_WARN_UNDECLARED_SELECTOR = YES;
				GCC_WARN_UNINITIALIZED_AUTOS = YES_AGGRESSIVE;
				GCC_WARN_UNUSED_FUNCTION = YES;
				GCC_WARN_UNUSED_VARIABLE = YES;
				IPHONEOS_DEPLOYMENT_TARGET = 16.0;
				MTL_ENABLE_DEBUG_INFO = NO;
				MTL_FAST_MATH = YES;
				SDKROOT = iphoneos;
				SWIFT_COMPILATION_MODE = wholemodule;
				SWIFT_OPTIMIZATION_LEVEL = "-O";
				VALIDATE_PRODUCT = YES;
			};
			name = Release;
		};
		E16E3C0B289E139400919D14 /* Debug */ = {
			isa = XCBuildConfiguration;
			buildSettings = {
				ASSETCATALOG_COMPILER_APPICON_NAME = AppIcon;
				ASSETCATALOG_COMPILER_GLOBAL_ACCENT_COLOR_NAME = AccentColor;
				CODE_SIGN_STYLE = Automatic;
				CURRENT_PROJECT_VERSION = 1;
				DEVELOPMENT_TEAM = 9APJ4LMH7V;
				GENERATE_INFOPLIST_FILE = YES;
				INFOPLIST_FILE = "以 static cells 模仿製作 iOS App 表格頁面/Info.plist";
				INFOPLIST_KEY_UIApplicationSupportsIndirectInputEvents = YES;
				INFOPLIST_KEY_UILaunchStoryboardName = LaunchScreen;
				INFOPLIST_KEY_UIMainStoryboardFile = Main;
				INFOPLIST_KEY_UISupportedInterfaceOrientations_iPad = "UIInterfaceOrientationPortrait UIInterfaceOrientationPortraitUpsideDown UIInterfaceOrientationLandscapeLeft UIInterfaceOrientationLandscapeRight";
				INFOPLIST_KEY_UISupportedInterfaceOrientations_iPhone = "UIInterfaceOrientationPortrait UIInterfaceOrientationLandscapeLeft UIInterfaceOrientationLandscapeRight";
				LD_RUNPATH_SEARCH_PATHS = (
					"$(inherited)",
					"@executable_path/Frameworks",
				);
				MARKETING_VERSION = 1.0;
				PRODUCT_BUNDLE_IDENTIFIER = "com.robert.--static-cells------iOS-App-----";
				PRODUCT_NAME = "$(TARGET_NAME)";
				SWIFT_EMIT_LOC_STRINGS = YES;
				SWIFT_VERSION = 5.0;
				TARGETED_DEVICE_FAMILY = "1,2";
			};
			name = Debug;
		};
		E16E3C0C289E139400919D14 /* Release */ = {
			isa = XCBuildConfiguration;
			buildSettings = {
				ASSETCATALOG_COMPILER_APPICON_NAME = AppIcon;
				ASSETCATALOG_COMPILER_GLOBAL_ACCENT_COLOR_NAME = AccentColor;
				CODE_SIGN_STYLE = Automatic;
				CURRENT_PROJECT_VERSION = 1;
				DEVELOPMENT_TEAM = 9APJ4LMH7V;
				GENERATE_INFOPLIST_FILE = YES;
				INFOPLIST_FILE = "以 static cells 模仿製作 iOS App 表格頁面/Info.plist";
				INFOPLIST_KEY_UIApplicationSupportsIndirectInputEvents = YES;
				INFOPLIST_KEY_UILaunchStoryboardName = LaunchScreen;
				INFOPLIST_KEY_UIMainStoryboardFile = Main;
				INFOPLIST_KEY_UISupportedInterfaceOrientations_iPad = "UIInterfaceOrientationPortrait UIInterfaceOrientationPortraitUpsideDown UIInterfaceOrientationLandscapeLeft UIInterfaceOrientationLandscapeRight";
				INFOPLIST_KEY_UISupportedInterfaceOrientations_iPhone = "UIInterfaceOrientationPortrait UIInterfaceOrientationLandscapeLeft UIInterfaceOrientationLandscapeRight";
				LD_RUNPATH_SEARCH_PATHS = (
					"$(inherited)",
					"@executable_path/Frameworks",
				);
				MARKETING_VERSION = 1.0;
				PRODUCT_BUNDLE_IDENTIFIER = "com.robert.--static-cells------iOS-App-----";
				PRODUCT_NAME = "$(TARGET_NAME)";
				SWIFT_EMIT_LOC_STRINGS = YES;
				SWIFT_VERSION = 5.0;
				TARGETED_DEVICE_FAMILY = "1,2";
			};
			name = Release;
		};
		E16E3C0E289E139400919D14 /* Debug */ = {
			isa = XCBuildConfiguration;
			buildSettings = {
				ALWAYS_EMBED_SWIFT_STANDARD_LIBRARIES = YES;
				BUNDLE_LOADER = "$(TEST_HOST)";
				CODE_SIGN_STYLE = Automatic;
				CURRENT_PROJECT_VERSION = 1;
				DEVELOPMENT_TEAM = 9APJ4LMH7V;
				GENERATE_INFOPLIST_FILE = YES;
				IPHONEOS_DEPLOYMENT_TARGET = 16.0;
				MARKETING_VERSION = 1.0;
				PRODUCT_BUNDLE_IDENTIFIER = "com.robert.--static-cells------iOS-App-----Tests";
				PRODUCT_NAME = "$(TARGET_NAME)";
				SWIFT_EMIT_LOC_STRINGS = NO;
				SWIFT_VERSION = 5.0;
				TARGETED_DEVICE_FAMILY = "1,2";
				TEST_HOST = "$(BUILT_PRODUCTS_DIR)/以 static cells 模仿製作 iOS App 表格頁面.app/$(BUNDLE_EXECUTABLE_FOLDER_PATH)/以 static cells 模仿製作 iOS App 表格頁面";
			};
			name = Debug;
		};
		E16E3C0F289E139400919D14 /* Release */ = {
			isa = XCBuildConfiguration;
			buildSettings = {
				ALWAYS_EMBED_SWIFT_STANDARD_LIBRARIES = YES;
				BUNDLE_LOADER = "$(TEST_HOST)";
				CODE_SIGN_STYLE = Automatic;
				CURRENT_PROJECT_VERSION = 1;
				DEVELOPMENT_TEAM = 9APJ4LMH7V;
				GENERATE_INFOPLIST_FILE = YES;
				IPHONEOS_DEPLOYMENT_TARGET = 16.0;
				MARKETING_VERSION = 1.0;
				PRODUCT_BUNDLE_IDENTIFIER = "com.robert.--static-cells------iOS-App-----Tests";
				PRODUCT_NAME = "$(TARGET_NAME)";
				SWIFT_EMIT_LOC_STRINGS = NO;
				SWIFT_VERSION = 5.0;
				TARGETED_DEVICE_FAMILY = "1,2";
				TEST_HOST = "$(BUILT_PRODUCTS_DIR)/以 static cells 模仿製作 iOS App 表格頁面.app/$(BUNDLE_EXECUTABLE_FOLDER_PATH)/以 static cells 模仿製作 iOS App 表格頁面";
			};
			name = Release;
		};
		E16E3C11289E139400919D14 /* Debug */ = {
			isa = XCBuildConfiguration;
			buildSettings = {
				ALWAYS_EMBED_SWIFT_STANDARD_LIBRARIES = YES;
				CODE_SIGN_STYLE = Automatic;
				CURRENT_PROJECT_VERSION = 1;
				DEVELOPMENT_TEAM = 9APJ4LMH7V;
				GENERATE_INFOPLIST_FILE = YES;
				MARKETING_VERSION = 1.0;
				PRODUCT_BUNDLE_IDENTIFIER = "com.robert.--static-cells------iOS-App-----UITests";
				PRODUCT_NAME = "$(TARGET_NAME)";
				SWIFT_EMIT_LOC_STRINGS = NO;
				SWIFT_VERSION = 5.0;
				TARGETED_DEVICE_FAMILY = "1,2";
				TEST_TARGET_NAME = "以 static cells 模仿製作 iOS App 表格頁面";
			};
			name = Debug;
		};
		E16E3C12289E139400919D14 /* Release */ = {
			isa = XCBuildConfiguration;
			buildSettings = {
				ALWAYS_EMBED_SWIFT_STANDARD_LIBRARIES = YES;
				CODE_SIGN_STYLE = Automatic;
				CURRENT_PROJECT_VERSION = 1;
				DEVELOPMENT_TEAM = 9APJ4LMH7V;
				GENERATE_INFOPLIST_FILE = YES;
				MARKETING_VERSION = 1.0;
				PRODUCT_BUNDLE_IDENTIFIER = "com.robert.--static-cells------iOS-App-----UITests";
				PRODUCT_NAME = "$(TARGET_NAME)";
				SWIFT_EMIT_LOC_STRINGS = NO;
				SWIFT_VERSION = 5.0;
				TARGETED_DEVICE_FAMILY = "1,2";
				TEST_TARGET_NAME = "以 static cells 模仿製作 iOS App 表格頁面";
			};
			name = Release;
		};
/* End XCBuildConfiguration section */

/* Begin XCConfigurationList section */
		E16E3BD8289E138F00919D14 /* Build configuration list for PBXProject "以 static cells 模仿製作 iOS App 表格頁面" */ = {
			isa = XCConfigurationList;
			buildConfigurations = (
				E16E3C08289E139400919D14 /* Debug */,
				E16E3C09289E139400919D14 /* Release */,
			);
			defaultConfigurationIsVisible = 0;
			defaultConfigurationName = Release;
		};
		E16E3C0A289E139400919D14 /* Build configuration list for PBXNativeTarget "以 static cells 模仿製作 iOS App 表格頁面" */ = {
			isa = XCConfigurationList;
			buildConfigurations = (
				E16E3C0B289E139400919D14 /* Debug */,
				E16E3C0C289E139400919D14 /* Release */,
			);
			defaultConfigurationIsVisible = 0;
			defaultConfigurationName = Release;
		};
		E16E3C0D289E139400919D14 /* Build configuration list for PBXNativeTarget "以 static cells 模仿製作 iOS App 表格頁面Tests" */ = {
			isa = XCConfigurationList;
			buildConfigurations = (
				E16E3C0E289E139400919D14 /* Debug */,
				E16E3C0F289E139400919D14 /* Release */,
			);
			defaultConfigurationIsVisible = 0;
			defaultConfigurationName = Release;
		};
		E16E3C10289E139400919D14 /* Build configuration list for PBXNativeTarget "以 static cells 模仿製作 iOS App 表格頁面UITests" */ = {
			isa = XCConfigurationList;
			buildConfigurations = (
				E16E3C11289E139400919D14 /* Debug */,
				E16E3C12289E139400919D14 /* Release */,
			);
			defaultConfigurationIsVisible = 0;
			defaultConfigurationName = Release;
		};
/* End XCConfigurationList section */

/* Begin XCVersionGroup section */
		E16E3BE9289E138F00919D14 /* __static_cells______iOS_App_____.xcdatamodeld */ = {
			isa = XCVersionGroup;
			children = (
				E16E3BEA289E138F00919D14 /* __static_cells______iOS_App_____.xcdatamodel */,
			);
			currentVersion = E16E3BEA289E138F00919D14 /* __static_cells______iOS_App_____.xcdatamodel */;
			path = "__static_cells______iOS_App_____.xcdatamodeld";
			sourceTree = "<group>";
			versionGroupType = wrapper.xcdatamodel;
		};
/* End XCVersionGroup section */
	};
	rootObject = E16E3BD5289E138F00919D14 /* Project object */;
}
